
Microsoft Visual Studio Solution File, Format Version 12.00
# Visual Studio 15
VisualStudioVersion = 15.0.28307.757
MinimumVisualStudioVersion = 10.0.40219.1
Project("{FAE04EC0-301F-11D3-BF4B-00C04F79EFBC}") = "PetOwnerService", "PetOwnerService\PetOwnerService.csproj", "{4B0A8CF3-A7D7-4D99-B70D-249939943082}"
EndProject
Project("{FAE04EC0-301F-11D3-BF4B-00C04F79EFBC}") = "PetOwnerModels", "PetOwnerModels\PetOwnerModels.csproj", "{BA36E91A-DDF8-4C11-B4EB-47276394C1C6}"
EndProject
Project("{FAE04EC0-301F-11D3-BF4B-00C04F79EFBC}") = "CatListMVCUI", "CatListMVCUI\CatListMVCUI.csproj", "{EE46A235-CB7D-4B8D-AE07-CCD214D9C089}"
EndProject
Project("{FAE04EC0-301F-11D3-BF4B-00C04F79EFBC}") = "CatListConsoleUI", "CatListConsoleUI\CatListConsoleUI.csproj", "{1F8734C5-3F74-4F0A-8862-32D5730D8FFF}"
EndProject
Global
	GlobalSection(SolutionConfigurationPlatforms) = preSolution
		Debug|Any CPU = Debug|Any CPU
		Release|Any CPU = Release|Any CPU
	EndGlobalSection
	GlobalSection(ProjectConfigurationPlatforms) = postSolution
		{4B0A8CF3-A7D7-4D99-B70D-249939943082}.Debug|Any CPU.ActiveCfg = Debug|Any CPU
		{4B0A8CF3-A7D7-4D99-B70D-249939943082}.Debug|Any CPU.Build.0 = Debug|Any CPU
		{4B0A8CF3-A7D7-4D99-B70D-249939943082}.Release|Any CPU.ActiveCfg = Release|Any CPU
		{4B0A8CF3-A7D7-4D99-B70D-249939943082}.Release|Any CPU.Build.0 = Release|Any CPU
		{BA36E91A-DDF8-4C11-B4EB-47276394C1C6}.Debug|Any CPU.ActiveCfg = Debug|Any CPU
		{BA36E91A-DDF8-4C11-B4EB-47276394C1C6}.Debug|Any CPU.Build.0 = Debug|Any CPU
		{BA36E91A-DDF8-4C11-B4EB-47276394C1C6}.Release|Any CPU.ActiveCfg = Release|Any CPU
		{BA36E91A-DDF8-4C11-B4EB-47276394C1C6}.Release|Any CPU.Build.0 = Release|Any CPU
		{EE46A235-CB7D-4B8D-AE07-CCD214D9C089}.Debug|Any CPU.ActiveCfg = Debug|Any CPU
		{EE46A235-CB7D-4B8D-AE07-CCD214D9C089}.Debug|Any CPU.Build.0 = Debug|Any CPU
		{EE46A235-CB7D-4B8D-AE07-CCD214D9C089}.Release|Any CPU.ActiveCfg = Release|Any CPU
		{EE46A235-CB7D-4B8D-AE07-CCD214D9C089}.Release|Any CPU.Build.0 = Release|Any CPU
		{1F8734C5-3F74-4F0A-8862-32D5730D8FFF}.Debug|Any CPU.ActiveCfg = Debug|Any CPU
		{1F8734C5-3F74-4F0A-8862-32D5730D8FFF}.Debug|Any CPU.Build.0 = Debug|Any CPU
		{1F8734C5-3F74-4F0A-8862-32D5730D8FFF}.Release|Any CPU.ActiveCfg = Release|Any CPU
		{1F8734C5-3F74-4F0A-8862-32D5730D8FFF}.Release|Any CPU.Build.0 = Release|Any CPU
	EndGlobalSection
	GlobalSection(SolutionProperties) = preSolution
		HideSolutionNode = FALSE
	EndGlobalSection
	GlobalSection(ExtensibilityGlobals) = postSolution
		SolutionGuid = {8A883DFF-4F10-4272-8D5B-24DC46E0B961}
	EndGlobalSection
EndGlobal
